
Microsoft Visual Studio Solution File, Format Version 12.00
# Visual Studio Version 16
VisualStudioVersion = 16.0.32929.386
MinimumVisualStudioVersion = 10.0.40219.1
Project("{FAE04EC0-301F-11D3-BF4B-00C04F79EFBC}") = "Wpf_independent_work_19", "Wpf_independent_work_19\Wpf_independent_work_19.csproj", "{BCEE7EF7-135A-457D-A351-D55B54FF6B86}"
EndProject
Global
	GlobalSection(SolutionConfigurationPlatforms) = preSolution
		Debug|Any CPU = Debug|Any CPU
		Release|Any CPU = Release|Any CPU
	EndGlobalSection
	GlobalSection(ProjectConfigurationPlatforms) = postSolution
		{BCEE7EF7-135A-457D-A351-D55B54FF6B86}.Debug|Any CPU.ActiveCfg = Debug|Any CPU
		{BCEE7EF7-135A-457D-A351-D55B54FF6B86}.Debug|Any CPU.Build.0 = Debug|Any CPU
		{BCEE7EF7-135A-457D-A351-D55B54FF6B86}.Release|Any CPU.ActiveCfg = Release|Any CPU
		{BCEE7EF7-135A-457D-A351-D55B54FF6B86}.Release|Any CPU.Build.0 = Release|Any CPU
	EndGlobalSection
	GlobalSection(SolutionProperties) = preSolution
		HideSolutionNode = FALSE
	EndGlobalSection
	GlobalSection(ExtensibilityGlobals) = postSolution
		SolutionGuid = {94A03AAB-C306-4333-BF99-831B1C3455EE}
	EndGlobalSection
EndGlobal
